
Microsoft Visual Studio Solution File, Format Version 12.00
# Visual Studio 15
VisualStudioVersion = 15.0.26206.0
MinimumVisualStudioVersion = 10.0.40219.1
Project("{2150E333-8FDC-42A3-9474-1A3956D46DE8}") = "Expressions", "Expressions", "{2D074E55-B8E0-4407-8AFE-05F45004950D}"
EndProject
Project("{2150E333-8FDC-42A3-9474-1A3956D46DE8}") = "Common", "Common", "{3BBDF5D9-702E-4A49-96B4-81BD26DF6FE2}"
EndProject
Project("{2150E333-8FDC-42A3-9474-1A3956D46DE8}") = "Research", "Research", "{E39880EC-234E-469B-9E17-C78BA2B4B503}"
EndProject
Project("{2150E333-8FDC-42A3-9474-1A3956D46DE8}") = "Reflection", "Reflection", "{DB216793-7747-4E03-8755-C8DE0B7B26DB}"
EndProject
Project("{2150E333-8FDC-42A3-9474-1A3956D46DE8}") = "Serialization", "Serialization", "{247F1655-347B-46EF-9C1D-60334DE29E2E}"
EndProject
Project("{2150E333-8FDC-42A3-9474-1A3956D46DE8}") = "IoC", "IoC", "{1D69AB21-A3C4-4639-AD43-584FE57FDD97}"
EndProject
Project("{D954291E-2A0B-460D-934E-DC6B0785DB48}") = "SimplyFast_Shared", "Common\SimplyFast_Shared\SimplyFast_Shared.shproj", "{4B02B836-5358-4BB8-9B43-4921DE05CEF3}"
EndProject
Project("{FAE04EC0-301F-11D3-BF4B-00C04F79EFBC}") = "SimplyFast_Net", "Common\SimplyFast_Net\SimplyFast_Net.csproj", "{3FF55F6F-3D11-4BFF-95F6-1D3C00DEFED5}"
EndProject
Project("{FAE04EC0-301F-11D3-BF4B-00C04F79EFBC}") = "SimplyFast_Standard", "Common\SimplyFast_Standard\SimplyFast_Standard.csproj", "{81F3AC4F-0B1A-4FFA-A650-6E5C34822A6E}"
EndProject
Project("{2150E333-8FDC-42A3-9474-1A3956D46DE8}") = "tests", "tests", "{108795EF-81EE-4560-A6CE-17A82C09B325}"
EndProject
Project("{D954291E-2A0B-460D-934E-DC6B0785DB48}") = "SimplyFast.Tests_Shared", "Common\tests\SimplyFast.Tests_Shared\SimplyFast.Tests_Shared.shproj", "{AE047BE2-76C7-4842-860B-AEED229F54C5}"
EndProject
Project("{FAE04EC0-301F-11D3-BF4B-00C04F79EFBC}") = "SimplyFast.Tests_Net", "Common\tests\SimplyFast.Tests_Net\SimplyFast.Tests_Net.csproj", "{28317714-677F-49D1-AF95-7BB645C15D02}"
EndProject
Project("{9A19103F-16F7-4668-BE54-9A1E7A4F7556}") = "SimplyFast.Tests_Core", "Common\tests\SimplyFast.Tests_Core\SimplyFast.Tests_Core.csproj", "{3B16F0A9-58DE-4B5B-95DF-C41EB818A526}"
EndProject
Project("{D954291E-2A0B-460D-934E-DC6B0785DB48}") = "SimplyFast.Reflection_Shared", "Reflection\SimplyFast.Reflection_Shared\SimplyFast.Reflection_Shared.shproj", "{39C90B04-46BB-4C96-B05F-72698FFC8AC0}"
EndProject
Project("{FAE04EC0-301F-11D3-BF4B-00C04F79EFBC}") = "SimplyFast.Reflection_Net", "Reflection\SimplyFast.Reflection_Net\SimplyFast.Reflection_Net.csproj", "{F0CB267E-F1C2-49BE-9C30-272F66015D7F}"
EndProject
Project("{2150E333-8FDC-42A3-9474-1A3956D46DE8}") = "tests", "tests", "{69DE426B-4ACE-4021-81CD-4DC1CD35B750}"
EndProject
Project("{D954291E-2A0B-460D-934E-DC6B0785DB48}") = "SimplyFast.Reflection.Tests_Shared", "Reflection\tests\SimplyFast.Reflection.Tests_Shared\SimplyFast.Reflection.Tests_Shared.shproj", "{D4DF18EF-14D7-4EC9-A67D-B3858A1768A2}"
EndProject
Project("{FAE04EC0-301F-11D3-BF4B-00C04F79EFBC}") = "SimplyFast.Reflection.Tests_Net", "Reflection\tests\SimplyFast.Reflection.Tests_Net\SimplyFast.Reflection.Tests_Net.csproj", "{99039B8D-1B95-4D7A-9860-C109028FA446}"
EndProject
Project("{D954291E-2A0B-460D-934E-DC6B0785DB48}") = "SimplyFast.IoC_Shared", "IoC\SimplyFast.IoC_Shared\SimplyFast.IoC_Shared.shproj", "{ACB9F878-C28F-431A-9D8F-CBC3577D9A31}"
EndProject
Project("{FAE04EC0-301F-11D3-BF4B-00C04F79EFBC}") = "SimplyFast.IoC_Net", "IoC\SimplyFast.IoC_Net\SimplyFast.IoC_Net.csproj", "{1BB42AD1-20E5-44A7-A272-ED884F22F538}"
EndProject
Project("{2150E333-8FDC-42A3-9474-1A3956D46DE8}") = "tests", "tests", "{2ADB951E-07FF-4A9E-A3D4-A92D0C7D87FF}"
EndProject
Project("{D954291E-2A0B-460D-934E-DC6B0785DB48}") = "SimplyFast.IoC.Tests_Shared", "IoC\tests\SimplyFast.IoC.Tests_Shared\SimplyFast.IoC.Tests_Shared.shproj", "{9FFED857-F5EF-4343-AE85-831A191EC6BB}"
EndProject
Project("{FAE04EC0-301F-11D3-BF4B-00C04F79EFBC}") = "SimplyFast.IoC.Tests_Net", "IoC\tests\SimplyFast.IoC.Tests_Net\SimplyFast.IoC.Tests_Net.csproj", "{5B45712B-D36B-488B-A224-B97A8EB4265F}"
EndProject
Project("{D954291E-2A0B-460D-934E-DC6B0785DB48}") = "SimplyFast.Serialization_Shared", "Serialization\SimplyFast.Serialization_Shared\SimplyFast.Serialization_Shared.shproj", "{A8D92F73-38C1-4AA9-B8CD-A40756435EC4}"
EndProject
Project("{FAE04EC0-301F-11D3-BF4B-00C04F79EFBC}") = "SimplyFast.Serialization_Net", "Serialization\SimplyFast.Serialization_Net\SimplyFast.Serialization_Net.csproj", "{5CD12CBB-A2A1-49E3-9F3F-0D4D9E8E473A}"
EndProject
Project("{2150E333-8FDC-42A3-9474-1A3956D46DE8}") = "tests", "tests", "{B7B23CCB-A453-41B1-A7B2-ECEAD7A96305}"
EndProject
Project("{D954291E-2A0B-460D-934E-DC6B0785DB48}") = "SimplyFast.Serialization.Tests_Shared", "Serialization\tests\SimplyFast.Serialization.Tests_Shared\SimplyFast.Serialization.Tests_Shared.shproj", "{27BB0C3E-A228-4355-8AF4-5222E3C54BE3}"
EndProject
Project("{FAE04EC0-301F-11D3-BF4B-00C04F79EFBC}") = "SimplyFast.Serialization.Tests_Net", "Serialization\tests\SimplyFast.Serialization.Tests_Net\SimplyFast.Serialization.Tests_Net.csproj", "{5001FF23-ED69-4987-93CF-B61C0F1C5242}"
EndProject
Project("{D954291E-2A0B-460D-934E-DC6B0785DB48}") = "SimplyFast.Expressions_Shared", "Expressions\SimplyFast.Expressions_Shared\SimplyFast.Expressions_Shared.shproj", "{5B6873A9-18EA-4393-8ED9-C84096A8F61E}"
EndProject
Project("{FAE04EC0-301F-11D3-BF4B-00C04F79EFBC}") = "SimplyFast.Expressions_Net", "Expressions\SimplyFast.Expressions_Net\SimplyFast.Expressions_Net.csproj", "{4EA1471A-AE33-4DA3-BCEE-33FDC1D2C794}"
EndProject
Project("{2150E333-8FDC-42A3-9474-1A3956D46DE8}") = "tests", "tests", "{1A699EBD-36AB-48DB-8B27-00195E124587}"
EndProject
Project("{D954291E-2A0B-460D-934E-DC6B0785DB48}") = "SimplyFast.Expressions.Tests_Shared", "Expressions\tests\SimplyFast.Expressions.Tests_Shared\SimplyFast.Expressions.Tests_Shared.shproj", "{D1F56C02-FEA2-4FAB-9BE5-8CF5B96C94AE}"
EndProject
Project("{FAE04EC0-301F-11D3-BF4B-00C04F79EFBC}") = "SimplyFast.Expressions.Tests_Net", "Expressions\tests\SimplyFast.Expressions.Tests_Net\SimplyFast.Expressions.Tests_Net.csproj", "{639D6A10-31E8-49A0-BB9D-01B02ADF067C}"
EndProject
Project("{FAE04EC0-301F-11D3-BF4B-00C04F79EFBC}") = "SimplyFast.Data", "Research\SimplyFast.Data\SimplyFast.Data.csproj", "{54E4B709-E8E8-4D18-9A42-E7278A0E5374}"
EndProject
Project("{FAE04EC0-301F-11D3-BF4B-00C04F79EFBC}") = "SimplyFast.Tests.Data", "Research\SimplyFast.Tests.Data\SimplyFast.Tests.Data.csproj", "{2F9E0F49-7213-4B9D-95D9-C466EB677EFF}"
EndProject
Project("{FAE04EC0-301F-11D3-BF4B-00C04F79EFBC}") = "SimplyFast.Research", "Research\SimplyFast.Research\SimplyFast.Research.csproj", "{3C887A6D-AF94-4230-ADD3-760EA3EFDF30}"
EndProject
Global
	GlobalSection(SharedMSBuildProjectFiles) = preSolution
		IoC\SimplyFast.IoC_Shared\SimplyFast.IoC_Shared.projitems*{1bb42ad1-20e5-44a7-a272-ed884f22f538}*SharedItemsImports = 4
		Serialization\tests\SimplyFast.Serialization.Tests_Shared\SimplyFast.Serialization.Tests_Shared.projitems*{27bb0c3e-a228-4355-8af4-5222e3c54be3}*SharedItemsImports = 13
		Common\tests\SimplyFast.Tests_Shared\SimplyFast.Tests_Shared.projitems*{28317714-677f-49d1-af95-7bb645c15d02}*SharedItemsImports = 4
		Reflection\SimplyFast.Reflection_Shared\SimplyFast.Reflection_Shared.projitems*{39c90b04-46bb-4c96-b05f-72698ffc8ac0}*SharedItemsImports = 13
		Common\SimplyFast_Shared\SimplyFast_Shared.projitems*{3ff55f6f-3d11-4bff-95f6-1d3c00defed5}*SharedItemsImports = 4
		Common\SimplyFast_Shared\SimplyFast_Shared.projitems*{4b02b836-5358-4bb8-9b43-4921de05cef3}*SharedItemsImports = 13
		Expressions\SimplyFast.Expressions_Shared\SimplyFast.Expressions_Shared.projitems*{4ea1471a-ae33-4da3-bcee-33fdc1d2c794}*SharedItemsImports = 4
		Serialization\tests\SimplyFast.Serialization.Tests_Shared\SimplyFast.Serialization.Tests_Shared.projitems*{5001ff23-ed69-4987-93cf-b61c0f1c5242}*SharedItemsImports = 4
		IoC\tests\SimplyFast.IoC.Tests_Shared\SimplyFast.IoC.Tests_Shared.projitems*{5b45712b-d36b-488b-a224-b97a8eb4265f}*SharedItemsImports = 4
		Expressions\SimplyFast.Expressions_Shared\SimplyFast.Expressions_Shared.projitems*{5b6873a9-18ea-4393-8ed9-c84096a8f61e}*SharedItemsImports = 13
		Serialization\SimplyFast.Serialization_Shared\SimplyFast.Serialization_Shared.projitems*{5cd12cbb-a2a1-49e3-9f3f-0d4d9e8e473a}*SharedItemsImports = 4
		Expressions\tests\SimplyFast.Expressions.Tests_Shared\SimplyFast.Expressions.Tests_Shared.projitems*{639d6a10-31e8-49a0-bb9d-01b02adf067c}*SharedItemsImports = 4
		Reflection\tests\SimplyFast.Reflection.Tests_Shared\SimplyFast.Reflection.Tests_Shared.projitems*{99039b8d-1b95-4d7a-9860-c109028fa446}*SharedItemsImports = 4
		IoC\tests\SimplyFast.IoC.Tests_Shared\SimplyFast.IoC.Tests_Shared.projitems*{9ffed857-f5ef-4343-ae85-831a191ec6bb}*SharedItemsImports = 13
		Serialization\SimplyFast.Serialization_Shared\SimplyFast.Serialization_Shared.projitems*{a8d92f73-38c1-4aa9-b8cd-a40756435ec4}*SharedItemsImports = 13
		IoC\SimplyFast.IoC_Shared\SimplyFast.IoC_Shared.projitems*{acb9f878-c28f-431a-9d8f-cbc3577d9a31}*SharedItemsImports = 13
		Common\tests\SimplyFast.Tests_Shared\SimplyFast.Tests_Shared.projitems*{ae047be2-76c7-4842-860b-aeed229f54c5}*SharedItemsImports = 13
		Expressions\tests\SimplyFast.Expressions.Tests_Shared\SimplyFast.Expressions.Tests_Shared.projitems*{d1f56c02-fea2-4fab-9be5-8cf5b96c94ae}*SharedItemsImports = 13
		Reflection\tests\SimplyFast.Reflection.Tests_Shared\SimplyFast.Reflection.Tests_Shared.projitems*{d4df18ef-14d7-4ec9-a67d-b3858a1768a2}*SharedItemsImports = 13
		Reflection\SimplyFast.Reflection_Shared\SimplyFast.Reflection_Shared.projitems*{f0cb267e-f1c2-49be-9c30-272f66015d7f}*SharedItemsImports = 4
	EndGlobalSection
	GlobalSection(SolutionConfigurationPlatforms) = preSolution
		Debug|Any CPU = Debug|Any CPU
		Debug|x64 = Debug|x64
		Debug|x86 = Debug|x86
		Release|Any CPU = Release|Any CPU
		Release|x64 = Release|x64
		Release|x86 = Release|x86
	EndGlobalSection
	GlobalSection(ProjectConfigurationPlatforms) = postSolution
		{3FF55F6F-3D11-4BFF-95F6-1D3C00DEFED5}.Debug|Any CPU.ActiveCfg = Debug|Any CPU
		{3FF55F6F-3D11-4BFF-95F6-1D3C00DEFED5}.Debug|Any CPU.Build.0 = Debug|Any CPU
		{3FF55F6F-3D11-4BFF-95F6-1D3C00DEFED5}.Debug|x64.ActiveCfg = Debug|Any CPU
		{3FF55F6F-3D11-4BFF-95F6-1D3C00DEFED5}.Debug|x64.Build.0 = Debug|Any CPU
		{3FF55F6F-3D11-4BFF-95F6-1D3C00DEFED5}.Debug|x86.ActiveCfg = Debug|Any CPU
		{3FF55F6F-3D11-4BFF-95F6-1D3C00DEFED5}.Debug|x86.Build.0 = Debug|Any CPU
		{3FF55F6F-3D11-4BFF-95F6-1D3C00DEFED5}.Release|Any CPU.ActiveCfg = Release|Any CPU
		{3FF55F6F-3D11-4BFF-95F6-1D3C00DEFED5}.Release|Any CPU.Build.0 = Release|Any CPU
		{3FF55F6F-3D11-4BFF-95F6-1D3C00DEFED5}.Release|x64.ActiveCfg = Release|Any CPU
		{3FF55F6F-3D11-4BFF-95F6-1D3C00DEFED5}.Release|x64.Build.0 = Release|Any CPU
		{3FF55F6F-3D11-4BFF-95F6-1D3C00DEFED5}.Release|x86.ActiveCfg = Release|Any CPU
		{3FF55F6F-3D11-4BFF-95F6-1D3C00DEFED5}.Release|x86.Build.0 = Release|Any CPU
		{81F3AC4F-0B1A-4FFA-A650-6E5C34822A6E}.Debug|Any CPU.ActiveCfg = Debug|Any CPU
		{81F3AC4F-0B1A-4FFA-A650-6E5C34822A6E}.Debug|Any CPU.Build.0 = Debug|Any CPU
		{81F3AC4F-0B1A-4FFA-A650-6E5C34822A6E}.Debug|x64.ActiveCfg = Debug|x64
		{81F3AC4F-0B1A-4FFA-A650-6E5C34822A6E}.Debug|x64.Build.0 = Debug|x64
		{81F3AC4F-0B1A-4FFA-A650-6E5C34822A6E}.Debug|x86.ActiveCfg = Debug|x86
		{81F3AC4F-0B1A-4FFA-A650-6E5C34822A6E}.Debug|x86.Build.0 = Debug|x86
		{81F3AC4F-0B1A-4FFA-A650-6E5C34822A6E}.Release|Any CPU.ActiveCfg = Release|Any CPU
		{81F3AC4F-0B1A-4FFA-A650-6E5C34822A6E}.Release|Any CPU.Build.0 = Release|Any CPU
		{81F3AC4F-0B1A-4FFA-A650-6E5C34822A6E}.Release|x64.ActiveCfg = Release|x64
		{81F3AC4F-0B1A-4FFA-A650-6E5C34822A6E}.Release|x64.Build.0 = Release|x64
		{81F3AC4F-0B1A-4FFA-A650-6E5C34822A6E}.Release|x86.ActiveCfg = Release|x86
		{81F3AC4F-0B1A-4FFA-A650-6E5C34822A6E}.Release|x86.Build.0 = Release|x86
		{28317714-677F-49D1-AF95-7BB645C15D02}.Debug|Any CPU.ActiveCfg = Debug|Any CPU
		{28317714-677F-49D1-AF95-7BB645C15D02}.Debug|Any CPU.Build.0 = Debug|Any CPU
		{28317714-677F-49D1-AF95-7BB645C15D02}.Debug|x64.ActiveCfg = Debug|Any CPU
		{28317714-677F-49D1-AF95-7BB645C15D02}.Debug|x64.Build.0 = Debug|Any CPU
		{28317714-677F-49D1-AF95-7BB645C15D02}.Debug|x86.ActiveCfg = Debug|Any CPU
		{28317714-677F-49D1-AF95-7BB645C15D02}.Debug|x86.Build.0 = Debug|Any CPU
		{28317714-677F-49D1-AF95-7BB645C15D02}.Release|Any CPU.ActiveCfg = Release|Any CPU
		{28317714-677F-49D1-AF95-7BB645C15D02}.Release|Any CPU.Build.0 = Release|Any CPU
		{28317714-677F-49D1-AF95-7BB645C15D02}.Release|x64.ActiveCfg = Release|Any CPU
		{28317714-677F-49D1-AF95-7BB645C15D02}.Release|x64.Build.0 = Release|Any CPU
		{28317714-677F-49D1-AF95-7BB645C15D02}.Release|x86.ActiveCfg = Release|Any CPU
		{28317714-677F-49D1-AF95-7BB645C15D02}.Release|x86.Build.0 = Release|Any CPU
		{3B16F0A9-58DE-4B5B-95DF-C41EB818A526}.Debug|Any CPU.ActiveCfg = Debug|Any CPU
		{3B16F0A9-58DE-4B5B-95DF-C41EB818A526}.Debug|Any CPU.Build.0 = Debug|Any CPU
		{3B16F0A9-58DE-4B5B-95DF-C41EB818A526}.Debug|x64.ActiveCfg = Debug|x64
		{3B16F0A9-58DE-4B5B-95DF-C41EB818A526}.Debug|x64.Build.0 = Debug|x64
		{3B16F0A9-58DE-4B5B-95DF-C41EB818A526}.Debug|x86.ActiveCfg = Debug|x86
		{3B16F0A9-58DE-4B5B-95DF-C41EB818A526}.Debug|x86.Build.0 = Debug|x86
		{3B16F0A9-58DE-4B5B-95DF-C41EB818A526}.Release|Any CPU.ActiveCfg = Release|Any CPU
		{3B16F0A9-58DE-4B5B-95DF-C41EB818A526}.Release|Any CPU.Build.0 = Release|Any CPU
		{3B16F0A9-58DE-4B5B-95DF-C41EB818A526}.Release|x64.ActiveCfg = Release|x64
		{3B16F0A9-58DE-4B5B-95DF-C41EB818A526}.Release|x64.Build.0 = Release|x64
		{3B16F0A9-58DE-4B5B-95DF-C41EB818A526}.Release|x86.ActiveCfg = Release|x86
		{3B16F0A9-58DE-4B5B-95DF-C41EB818A526}.Release|x86.Build.0 = Release|x86
		{F0CB267E-F1C2-49BE-9C30-272F66015D7F}.Debug|Any CPU.ActiveCfg = Debug|Any CPU
		{F0CB267E-F1C2-49BE-9C30-272F66015D7F}.Debug|Any CPU.Build.0 = Debug|Any CPU
		{F0CB267E-F1C2-49BE-9C30-272F66015D7F}.Debug|x64.ActiveCfg = Debug|Any CPU
		{F0CB267E-F1C2-49BE-9C30-272F66015D7F}.Debug|x64.Build.0 = Debug|Any CPU
		{F0CB267E-F1C2-49BE-9C30-272F66015D7F}.Debug|x86.ActiveCfg = Debug|Any CPU
		{F0CB267E-F1C2-49BE-9C30-272F66015D7F}.Debug|x86.Build.0 = Debug|Any CPU
		{F0CB267E-F1C2-49BE-9C30-272F66015D7F}.Release|Any CPU.ActiveCfg = Release|Any CPU
		{F0CB267E-F1C2-49BE-9C30-272F66015D7F}.Release|Any CPU.Build.0 = Release|Any CPU
		{F0CB267E-F1C2-49BE-9C30-272F66015D7F}.Release|x64.ActiveCfg = Release|Any CPU
		{F0CB267E-F1C2-49BE-9C30-272F66015D7F}.Release|x64.Build.0 = Release|Any CPU
		{F0CB267E-F1C2-49BE-9C30-272F66015D7F}.Release|x86.ActiveCfg = Release|Any CPU
		{F0CB267E-F1C2-49BE-9C30-272F66015D7F}.Release|x86.Build.0 = Release|Any CPU
		{99039B8D-1B95-4D7A-9860-C109028FA446}.Debug|Any CPU.ActiveCfg = Debug|Any CPU
		{99039B8D-1B95-4D7A-9860-C109028FA446}.Debug|Any CPU.Build.0 = Debug|Any CPU
		{99039B8D-1B95-4D7A-9860-C109028FA446}.Debug|x64.ActiveCfg = Debug|Any CPU
		{99039B8D-1B95-4D7A-9860-C109028FA446}.Debug|x64.Build.0 = Debug|Any CPU
		{99039B8D-1B95-4D7A-9860-C109028FA446}.Debug|x86.ActiveCfg = Debug|Any CPU
		{99039B8D-1B95-4D7A-9860-C109028FA446}.Debug|x86.Build.0 = Debug|Any CPU
		{99039B8D-1B95-4D7A-9860-C109028FA446}.Release|Any CPU.ActiveCfg = Release|Any CPU
		{99039B8D-1B95-4D7A-9860-C109028FA446}.Release|Any CPU.Build.0 = Release|Any CPU
		{99039B8D-1B95-4D7A-9860-C109028FA446}.Release|x64.ActiveCfg = Release|Any CPU
		{99039B8D-1B95-4D7A-9860-C109028FA446}.Release|x64.Build.0 = Release|Any CPU
		{99039B8D-1B95-4D7A-9860-C109028FA446}.Release|x86.ActiveCfg = Release|Any CPU
		{99039B8D-1B95-4D7A-9860-C109028FA446}.Release|x86.Build.0 = Release|Any CPU
		{1BB42AD1-20E5-44A7-A272-ED884F22F538}.Debug|Any CPU.ActiveCfg = Debug|Any CPU
		{1BB42AD1-20E5-44A7-A272-ED884F22F538}.Debug|Any CPU.Build.0 = Debug|Any CPU
		{1BB42AD1-20E5-44A7-A272-ED884F22F538}.Debug|x64.ActiveCfg = Debug|Any CPU
		{1BB42AD1-20E5-44A7-A272-ED884F22F538}.Debug|x64.Build.0 = Debug|Any CPU
		{1BB42AD1-20E5-44A7-A272-ED884F22F538}.Debug|x86.ActiveCfg = Debug|Any CPU
		{1BB42AD1-20E5-44A7-A272-ED884F22F538}.Debug|x86.Build.0 = Debug|Any CPU
		{1BB42AD1-20E5-44A7-A272-ED884F22F538}.Release|Any CPU.ActiveCfg = Release|Any CPU
		{1BB42AD1-20E5-44A7-A272-ED884F22F538}.Release|Any CPU.Build.0 = Release|Any CPU
		{1BB42AD1-20E5-44A7-A272-ED884F22F538}.Release|x64.ActiveCfg = Release|Any CPU
		{1BB42AD1-20E5-44A7-A272-ED884F22F538}.Release|x64.Build.0 = Release|Any CPU
		{1BB42AD1-20E5-44A7-A272-ED884F22F538}.Release|x86.ActiveCfg = Release|Any CPU
		{1BB42AD1-20E5-44A7-A272-ED884F22F538}.Release|x86.Build.0 = Release|Any CPU
		{5B45712B-D36B-488B-A224-B97A8EB4265F}.Debug|Any CPU.ActiveCfg = Debug|Any CPU
		{5B45712B-D36B-488B-A224-B97A8EB4265F}.Debug|Any CPU.Build.0 = Debug|Any CPU
		{5B45712B-D36B-488B-A224-B97A8EB4265F}.Debug|x64.ActiveCfg = Debug|Any CPU
		{5B45712B-D36B-488B-A224-B97A8EB4265F}.Debug|x64.Build.0 = Debug|Any CPU
		{5B45712B-D36B-488B-A224-B97A8EB4265F}.Debug|x86.ActiveCfg = Debug|Any CPU
		{5B45712B-D36B-488B-A224-B97A8EB4265F}.Debug|x86.Build.0 = Debug|Any CPU
		{5B45712B-D36B-488B-A224-B97A8EB4265F}.Release|Any CPU.ActiveCfg = Release|Any CPU
		{5B45712B-D36B-488B-A224-B97A8EB4265F}.Release|Any CPU.Build.0 = Release|Any CPU
		{5B45712B-D36B-488B-A224-B97A8EB4265F}.Release|x64.ActiveCfg = Release|Any CPU
		{5B45712B-D36B-488B-A224-B97A8EB4265F}.Release|x64.Build.0 = Release|Any CPU
		{5B45712B-D36B-488B-A224-B97A8EB4265F}.Release|x86.ActiveCfg = Release|Any CPU
		{5B45712B-D36B-488B-A224-B97A8EB4265F}.Release|x86.Build.0 = Release|Any CPU
		{5CD12CBB-A2A1-49E3-9F3F-0D4D9E8E473A}.Debug|Any CPU.ActiveCfg = Debug|Any CPU
		{5CD12CBB-A2A1-49E3-9F3F-0D4D9E8E473A}.Debug|Any CPU.Build.0 = Debug|Any CPU
		{5CD12CBB-A2A1-49E3-9F3F-0D4D9E8E473A}.Debug|x64.ActiveCfg = Debug|Any CPU
		{5CD12CBB-A2A1-49E3-9F3F-0D4D9E8E473A}.Debug|x64.Build.0 = Debug|Any CPU
		{5CD12CBB-A2A1-49E3-9F3F-0D4D9E8E473A}.Debug|x86.ActiveCfg = Debug|Any CPU
		{5CD12CBB-A2A1-49E3-9F3F-0D4D9E8E473A}.Debug|x86.Build.0 = Debug|Any CPU
		{5CD12CBB-A2A1-49E3-9F3F-0D4D9E8E473A}.Release|Any CPU.ActiveCfg = Release|Any CPU
		{5CD12CBB-A2A1-49E3-9F3F-0D4D9E8E473A}.Release|Any CPU.Build.0 = Release|Any CPU
		{5CD12CBB-A2A1-49E3-9F3F-0D4D9E8E473A}.Release|x64.ActiveCfg = Release|Any CPU
		{5CD12CBB-A2A1-49E3-9F3F-0D4D9E8E473A}.Release|x64.Build.0 = Release|Any CPU
		{5CD12CBB-A2A1-49E3-9F3F-0D4D9E8E473A}.Release|x86.ActiveCfg = Release|Any CPU
		{5CD12CBB-A2A1-49E3-9F3F-0D4D9E8E473A}.Release|x86.Build.0 = Release|Any CPU
		{5001FF23-ED69-4987-93CF-B61C0F1C5242}.Debug|Any CPU.ActiveCfg = Debug|Any CPU
		{5001FF23-ED69-4987-93CF-B61C0F1C5242}.Debug|Any CPU.Build.0 = Debug|Any CPU
		{5001FF23-ED69-4987-93CF-B61C0F1C5242}.Debug|x64.ActiveCfg = Debug|Any CPU
		{5001FF23-ED69-4987-93CF-B61C0F1C5242}.Debug|x64.Build.0 = Debug|Any CPU
		{5001FF23-ED69-4987-93CF-B61C0F1C5242}.Debug|x86.ActiveCfg = Debug|Any CPU
		{5001FF23-ED69-4987-93CF-B61C0F1C5242}.Debug|x86.Build.0 = Debug|Any CPU
		{5001FF23-ED69-4987-93CF-B61C0F1C5242}.Release|Any CPU.ActiveCfg = Release|Any CPU
		{5001FF23-ED69-4987-93CF-B61C0F1C5242}.Release|Any CPU.Build.0 = Release|Any CPU
		{5001FF23-ED69-4987-93CF-B61C0F1C5242}.Release|x64.ActiveCfg = Release|Any CPU
		{5001FF23-ED69-4987-93CF-B61C0F1C5242}.Release|x64.Build.0 = Release|Any CPU
		{5001FF23-ED69-4987-93CF-B61C0F1C5242}.Release|x86.ActiveCfg = Release|Any CPU
		{5001FF23-ED69-4987-93CF-B61C0F1C5242}.Release|x86.Build.0 = Release|Any CPU
		{4EA1471A-AE33-4DA3-BCEE-33FDC1D2C794}.Debug|Any CPU.ActiveCfg = Debug|Any CPU
		{4EA1471A-AE33-4DA3-BCEE-33FDC1D2C794}.Debug|Any CPU.Build.0 = Debug|Any CPU
		{4EA1471A-AE33-4DA3-BCEE-33FDC1D2C794}.Debug|x64.ActiveCfg = Debug|Any CPU
		{4EA1471A-AE33-4DA3-BCEE-33FDC1D2C794}.Debug|x64.Build.0 = Debug|Any CPU
		{4EA1471A-AE33-4DA3-BCEE-33FDC1D2C794}.Debug|x86.ActiveCfg = Debug|Any CPU
		{4EA1471A-AE33-4DA3-BCEE-33FDC1D2C794}.Debug|x86.Build.0 = Debug|Any CPU
		{4EA1471A-AE33-4DA3-BCEE-33FDC1D2C794}.Release|Any CPU.ActiveCfg = Release|Any CPU
		{4EA1471A-AE33-4DA3-BCEE-33FDC1D2C794}.Release|Any CPU.Build.0 = Release|Any CPU
		{4EA1471A-AE33-4DA3-BCEE-33FDC1D2C794}.Release|x64.ActiveCfg = Release|Any CPU
		{4EA1471A-AE33-4DA3-BCEE-33FDC1D2C794}.Release|x64.Build.0 = Release|Any CPU
		{4EA1471A-AE33-4DA3-BCEE-33FDC1D2C794}.Release|x86.ActiveCfg = Release|Any CPU
		{4EA1471A-AE33-4DA3-BCEE-33FDC1D2C794}.Release|x86.Build.0 = Release|Any CPU
		{639D6A10-31E8-49A0-BB9D-01B02ADF067C}.Debug|Any CPU.ActiveCfg = Debug|Any CPU
		{639D6A10-31E8-49A0-BB9D-01B02ADF067C}.Debug|Any CPU.Build.0 = Debug|Any CPU
		{639D6A10-31E8-49A0-BB9D-01B02ADF067C}.Debug|x64.ActiveCfg = Debug|Any CPU
		{639D6A10-31E8-49A0-BB9D-01B02ADF067C}.Debug|x64.Build.0 = Debug|Any CPU
		{639D6A10-31E8-49A0-BB9D-01B02ADF067C}.Debug|x86.ActiveCfg = Debug|Any CPU
		{639D6A10-31E8-49A0-BB9D-01B02ADF067C}.Debug|x86.Build.0 = Debug|Any CPU
		{639D6A10-31E8-49A0-BB9D-01B02ADF067C}.Release|Any CPU.ActiveCfg = Release|Any CPU
		{639D6A10-31E8-49A0-BB9D-01B02ADF067C}.Release|Any CPU.Build.0 = Release|Any CPU
		{639D6A10-31E8-49A0-BB9D-01B02ADF067C}.Release|x64.ActiveCfg = Release|Any CPU
		{639D6A10-31E8-49A0-BB9D-01B02ADF067C}.Release|x64.Build.0 = Release|Any CPU
		{639D6A10-31E8-49A0-BB9D-01B02ADF067C}.Release|x86.ActiveCfg = Release|Any CPU
		{639D6A10-31E8-49A0-BB9D-01B02ADF067C}.Release|x86.Build.0 = Release|Any CPU
		{54E4B709-E8E8-4D18-9A42-E7278A0E5374}.Debug|Any CPU.ActiveCfg = Debug|Any CPU
		{54E4B709-E8E8-4D18-9A42-E7278A0E5374}.Debug|Any CPU.Build.0 = Debug|Any CPU
		{54E4B709-E8E8-4D18-9A42-E7278A0E5374}.Debug|x64.ActiveCfg = Debug|Any CPU
		{54E4B709-E8E8-4D18-9A42-E7278A0E5374}.Debug|x64.Build.0 = Debug|Any CPU
		{54E4B709-E8E8-4D18-9A42-E7278A0E5374}.Debug|x86.ActiveCfg = Debug|Any CPU
		{54E4B709-E8E8-4D18-9A42-E7278A0E5374}.Debug|x86.Build.0 = Debug|Any CPU
		{54E4B709-E8E8-4D18-9A42-E7278A0E5374}.Release|Any CPU.ActiveCfg = Release|Any CPU
		{54E4B709-E8E8-4D18-9A42-E7278A0E5374}.Release|Any CPU.Build.0 = Release|Any CPU
		{54E4B709-E8E8-4D18-9A42-E7278A0E5374}.Release|x64.ActiveCfg = Release|Any CPU
		{54E4B709-E8E8-4D18-9A42-E7278A0E5374}.Release|x64.Build.0 = Release|Any CPU
		{54E4B709-E8E8-4D18-9A42-E7278A0E5374}.Release|x86.ActiveCfg = Release|Any CPU
		{54E4B709-E8E8-4D18-9A42-E7278A0E5374}.Release|x86.Build.0 = Release|Any CPU
		{2F9E0F49-7213-4B9D-95D9-C466EB677EFF}.Debug|Any CPU.ActiveCfg = Debug|Any CPU
		{2F9E0F49-7213-4B9D-95D9-C466EB677EFF}.Debug|Any CPU.Build.0 = Debug|Any CPU
		{2F9E0F49-7213-4B9D-95D9-C466EB677EFF}.Debug|x64.ActiveCfg = Debug|Any CPU
		{2F9E0F49-7213-4B9D-95D9-C466EB677EFF}.Debug|x64.Build.0 = Debug|Any CPU
		{2F9E0F49-7213-4B9D-95D9-C466EB677EFF}.Debug|x86.ActiveCfg = Debug|Any CPU
		{2F9E0F49-7213-4B9D-95D9-C466EB677EFF}.Debug|x86.Build.0 = Debug|Any CPU
		{2F9E0F49-7213-4B9D-95D9-C466EB677EFF}.Release|Any CPU.ActiveCfg = Release|Any CPU
		{2F9E0F49-7213-4B9D-95D9-C466EB677EFF}.Release|Any CPU.Build.0 = Release|Any CPU
		{2F9E0F49-7213-4B9D-95D9-C466EB677EFF}.Release|x64.ActiveCfg = Release|Any CPU
		{2F9E0F49-7213-4B9D-95D9-C466EB677EFF}.Release|x64.Build.0 = Release|Any CPU
		{2F9E0F49-7213-4B9D-95D9-C466EB677EFF}.Release|x86.ActiveCfg = Release|Any CPU
		{2F9E0F49-7213-4B9D-95D9-C466EB677EFF}.Release|x86.Build.0 = Release|Any CPU
		{3C887A6D-AF94-4230-ADD3-760EA3EFDF30}.Debug|Any CPU.ActiveCfg = Debug|Any CPU
		{3C887A6D-AF94-4230-ADD3-760EA3EFDF30}.Debug|Any CPU.Build.0 = Debug|Any CPU
		{3C887A6D-AF94-4230-ADD3-760EA3EFDF30}.Debug|x64.ActiveCfg = Debug|Any CPU
		{3C887A6D-AF94-4230-ADD3-760EA3EFDF30}.Debug|x64.Build.0 = Debug|Any CPU
		{3C887A6D-AF94-4230-ADD3-760EA3EFDF30}.Debug|x86.ActiveCfg = Debug|Any CPU
		{3C887A6D-AF94-4230-ADD3-760EA3EFDF30}.Debug|x86.Build.0 = Debug|Any CPU
		{3C887A6D-AF94-4230-ADD3-760EA3EFDF30}.Release|Any CPU.ActiveCfg = Release|Any CPU
		{3C887A6D-AF94-4230-ADD3-760EA3EFDF30}.Release|Any CPU.Build.0 = Release|Any CPU
		{3C887A6D-AF94-4230-ADD3-760EA3EFDF30}.Release|x64.ActiveCfg = Release|Any CPU
		{3C887A6D-AF94-4230-ADD3-760EA3EFDF30}.Release|x64.Build.0 = Release|Any CPU
		{3C887A6D-AF94-4230-ADD3-760EA3EFDF30}.Release|x86.ActiveCfg = Release|Any CPU
		{3C887A6D-AF94-4230-ADD3-760EA3EFDF30}.Release|x86.Build.0 = Release|Any CPU
	EndGlobalSection
	GlobalSection(SolutionProperties) = preSolution
		HideSolutionNode = FALSE
	EndGlobalSection
	GlobalSection(NestedProjects) = preSolution
		{4B02B836-5358-4BB8-9B43-4921DE05CEF3} = {3BBDF5D9-702E-4A49-96B4-81BD26DF6FE2}
		{3FF55F6F-3D11-4BFF-95F6-1D3C00DEFED5} = {3BBDF5D9-702E-4A49-96B4-81BD26DF6FE2}
		{81F3AC4F-0B1A-4FFA-A650-6E5C34822A6E} = {3BBDF5D9-702E-4A49-96B4-81BD26DF6FE2}
		{108795EF-81EE-4560-A6CE-17A82C09B325} = {3BBDF5D9-702E-4A49-96B4-81BD26DF6FE2}
		{AE047BE2-76C7-4842-860B-AEED229F54C5} = {108795EF-81EE-4560-A6CE-17A82C09B325}
		{28317714-677F-49D1-AF95-7BB645C15D02} = {108795EF-81EE-4560-A6CE-17A82C09B325}
		{3B16F0A9-58DE-4B5B-95DF-C41EB818A526} = {108795EF-81EE-4560-A6CE-17A82C09B325}
		{39C90B04-46BB-4C96-B05F-72698FFC8AC0} = {DB216793-7747-4E03-8755-C8DE0B7B26DB}
		{F0CB267E-F1C2-49BE-9C30-272F66015D7F} = {DB216793-7747-4E03-8755-C8DE0B7B26DB}
		{69DE426B-4ACE-4021-81CD-4DC1CD35B750} = {DB216793-7747-4E03-8755-C8DE0B7B26DB}
		{D4DF18EF-14D7-4EC9-A67D-B3858A1768A2} = {69DE426B-4ACE-4021-81CD-4DC1CD35B750}
		{99039B8D-1B95-4D7A-9860-C109028FA446} = {69DE426B-4ACE-4021-81CD-4DC1CD35B750}
		{ACB9F878-C28F-431A-9D8F-CBC3577D9A31} = {1D69AB21-A3C4-4639-AD43-584FE57FDD97}
		{1BB42AD1-20E5-44A7-A272-ED884F22F538} = {1D69AB21-A3C4-4639-AD43-584FE57FDD97}
		{2ADB951E-07FF-4A9E-A3D4-A92D0C7D87FF} = {1D69AB21-A3C4-4639-AD43-584FE57FDD97}
		{9FFED857-F5EF-4343-AE85-831A191EC6BB} = {2ADB951E-07FF-4A9E-A3D4-A92D0C7D87FF}
		{5B45712B-D36B-488B-A224-B97A8EB4265F} = {2ADB951E-07FF-4A9E-A3D4-A92D0C7D87FF}
		{A8D92F73-38C1-4AA9-B8CD-A40756435EC4} = {247F1655-347B-46EF-9C1D-60334DE29E2E}
		{5CD12CBB-A2A1-49E3-9F3F-0D4D9E8E473A} = {247F1655-347B-46EF-9C1D-60334DE29E2E}
		{B7B23CCB-A453-41B1-A7B2-ECEAD7A96305} = {247F1655-347B-46EF-9C1D-60334DE29E2E}
		{27BB0C3E-A228-4355-8AF4-5222E3C54BE3} = {B7B23CCB-A453-41B1-A7B2-ECEAD7A96305}
		{5001FF23-ED69-4987-93CF-B61C0F1C5242} = {B7B23CCB-A453-41B1-A7B2-ECEAD7A96305}
		{5B6873A9-18EA-4393-8ED9-C84096A8F61E} = {2D074E55-B8E0-4407-8AFE-05F45004950D}
		{4EA1471A-AE33-4DA3-BCEE-33FDC1D2C794} = {2D074E55-B8E0-4407-8AFE-05F45004950D}
		{1A699EBD-36AB-48DB-8B27-00195E124587} = {2D074E55-B8E0-4407-8AFE-05F45004950D}
		{D1F56C02-FEA2-4FAB-9BE5-8CF5B96C94AE} = {1A699EBD-36AB-48DB-8B27-00195E124587}
		{639D6A10-31E8-49A0-BB9D-01B02ADF067C} = {1A699EBD-36AB-48DB-8B27-00195E124587}
		{54E4B709-E8E8-4D18-9A42-E7278A0E5374} = {E39880EC-234E-469B-9E17-C78BA2B4B503}
		{2F9E0F49-7213-4B9D-95D9-C466EB677EFF} = {E39880EC-234E-469B-9E17-C78BA2B4B503}
		{3C887A6D-AF94-4230-ADD3-760EA3EFDF30} = {E39880EC-234E-469B-9E17-C78BA2B4B503}
	EndGlobalSection
EndGlobal
