
Microsoft Visual Studio Solution File, Format Version 12.00
# Visual Studio 15
VisualStudioVersion = 15.0.26206.0
MinimumVisualStudioVersion = 10.0.40219.1
Project("{FAE04EC0-301F-11D3-BF4B-00C04F79EFBC}") = "SimplyFast.Research", "tests\SimplyFast.Research\SimplyFast.Research.csproj", "{3C887A6D-AF94-4230-ADD3-760EA3EFDF30}"
EndProject
Project("{FAE04EC0-301F-11D3-BF4B-00C04F79EFBC}") = "SimplyFast", "src\SimplyFast\SimplyFast.csproj", "{1ED04E22-9459-439D-A7AE-1BF9380E75F2}"
EndProject
Project("{FAE04EC0-301F-11D3-BF4B-00C04F79EFBC}") = "SimplyFast.Reflection", "src\SimplyFast.Reflection\SimplyFast.Reflection.csproj", "{0466B054-C102-4B3F-8D89-AC3EE2892D44}"
EndProject
Project("{FAE04EC0-301F-11D3-BF4B-00C04F79EFBC}") = "SimplyFast.Expressions", "src\SimplyFast.Expressions\SimplyFast.Expressions.csproj", "{AA155BE8-5564-4251-9FEF-0DEA54B46C6B}"
EndProject
Project("{FAE04EC0-301F-11D3-BF4B-00C04F79EFBC}") = "SimplyFast.Net", "src\SimplyFast.Net\SimplyFast.Net.csproj", "{7DCC1830-F3BD-46DD-BC67-66D143D7D184}"
EndProject
Project("{FAE04EC0-301F-11D3-BF4B-00C04F79EFBC}") = "SimplyFast.Net.Zmq", "src\SimplyFast.Net.Zmq\SimplyFast.Net.Zmq.csproj", "{97F6EA3D-C72F-4CF4-A4A8-F53EC1081173}"
EndProject
Project("{FAE04EC0-301F-11D3-BF4B-00C04F79EFBC}") = "SimplyFast.Net.CastleZmq", "src\SimplyFast.Net.CastleZmq\SimplyFast.Net.CastleZmq.csproj", "{3EF465F5-B733-48BD-91C3-B106B038D3D4}"
EndProject
Project("{FAE04EC0-301F-11D3-BF4B-00C04F79EFBC}") = "SimplyFast.Protobuf", "src\SimplyFast.Protobuf\SimplyFast.Protobuf.csproj", "{E4C67100-C828-4AD6-80B6-4A91814D98F2}"
EndProject
Project("{2150E333-8FDC-42A3-9474-1A3956D46DE8}") = "Expressions", "Expressions", "{2D074E55-B8E0-4407-8AFE-05F45004950D}"
EndProject
Project("{2150E333-8FDC-42A3-9474-1A3956D46DE8}") = "Common", "Common", "{3BBDF5D9-702E-4A49-96B4-81BD26DF6FE2}"
EndProject
Project("{FAE04EC0-301F-11D3-BF4B-00C04F79EFBC}") = "SimplyFast.Tests", "tests\SimplyFast.Tests\SimplyFast.Tests.csproj", "{E1C35C07-DE0E-4619-848B-59554349A6F8}"
EndProject
Project("{2150E333-8FDC-42A3-9474-1A3956D46DE8}") = "Data", "Data", "{E39880EC-234E-469B-9E17-C78BA2B4B503}"
EndProject
Project("{FAE04EC0-301F-11D3-BF4B-00C04F79EFBC}") = "SimplyFast.Data", "src\SimplyFast.Data\SimplyFast.Data.csproj", "{54E4B709-E8E8-4D18-9A42-E7278A0E5374}"
EndProject
Project("{FAE04EC0-301F-11D3-BF4B-00C04F79EFBC}") = "SimplyFast.Tests.Data", "tests\SimplyFast.Tests.Data\SimplyFast.Tests.Data.csproj", "{2F9E0F49-7213-4B9D-95D9-C466EB677EFF}"
EndProject
Project("{2150E333-8FDC-42A3-9474-1A3956D46DE8}") = "Reflection", "Reflection", "{DB216793-7747-4E03-8755-C8DE0B7B26DB}"
EndProject
Project("{FAE04EC0-301F-11D3-BF4B-00C04F79EFBC}") = "SimplyFast.Tests.Reflection", "tests\SimplyFast.Tests.Reflection\SimplyFast.Tests.Reflection.csproj", "{CFDC7E1F-DB3E-4439-A7F0-774EE1FF5D81}"
EndProject
Project("{FAE04EC0-301F-11D3-BF4B-00C04F79EFBC}") = "SimplyFast.Tests.Expressions", "tests\SimplyFast.Tests.Expressions\SimplyFast.Tests.Expressions.csproj", "{E065733F-2A11-462B-8704-6206757CBC29}"
EndProject
Project("{2150E333-8FDC-42A3-9474-1A3956D46DE8}") = "Serialization", "Serialization", "{247F1655-347B-46EF-9C1D-60334DE29E2E}"
EndProject
Project("{FAE04EC0-301F-11D3-BF4B-00C04F79EFBC}") = "SimplyFast.Serialization", "src\SimplyFast.Serialization\SimplyFast.Serialization.csproj", "{43B17430-6A3F-4E28-B80C-7F52EF095B33}"
EndProject
Project("{FAE04EC0-301F-11D3-BF4B-00C04F79EFBC}") = "SimplyFast.Tests.Serialization", "tests\SimplyFast.Tests.Serialization\SimplyFast.Tests.Serialization.csproj", "{64C9D7B2-5CE7-4DBD-A5FC-CD7A08A61E84}"
EndProject
Global
	GlobalSection(SolutionConfigurationPlatforms) = preSolution
		Debug|Any CPU = Debug|Any CPU
		Release|Any CPU = Release|Any CPU
	EndGlobalSection
	GlobalSection(ProjectConfigurationPlatforms) = postSolution
		{3C887A6D-AF94-4230-ADD3-760EA3EFDF30}.Debug|Any CPU.ActiveCfg = Debug|Any CPU
		{3C887A6D-AF94-4230-ADD3-760EA3EFDF30}.Debug|Any CPU.Build.0 = Debug|Any CPU
		{3C887A6D-AF94-4230-ADD3-760EA3EFDF30}.Release|Any CPU.ActiveCfg = Release|Any CPU
		{3C887A6D-AF94-4230-ADD3-760EA3EFDF30}.Release|Any CPU.Build.0 = Release|Any CPU
		{1ED04E22-9459-439D-A7AE-1BF9380E75F2}.Debug|Any CPU.ActiveCfg = Debug|Any CPU
		{1ED04E22-9459-439D-A7AE-1BF9380E75F2}.Debug|Any CPU.Build.0 = Debug|Any CPU
		{1ED04E22-9459-439D-A7AE-1BF9380E75F2}.Release|Any CPU.ActiveCfg = Release|Any CPU
		{1ED04E22-9459-439D-A7AE-1BF9380E75F2}.Release|Any CPU.Build.0 = Release|Any CPU
		{0466B054-C102-4B3F-8D89-AC3EE2892D44}.Debug|Any CPU.ActiveCfg = Debug|Any CPU
		{0466B054-C102-4B3F-8D89-AC3EE2892D44}.Debug|Any CPU.Build.0 = Debug|Any CPU
		{0466B054-C102-4B3F-8D89-AC3EE2892D44}.Release|Any CPU.ActiveCfg = Release|Any CPU
		{0466B054-C102-4B3F-8D89-AC3EE2892D44}.Release|Any CPU.Build.0 = Release|Any CPU
		{AA155BE8-5564-4251-9FEF-0DEA54B46C6B}.Debug|Any CPU.ActiveCfg = Debug|Any CPU
		{AA155BE8-5564-4251-9FEF-0DEA54B46C6B}.Debug|Any CPU.Build.0 = Debug|Any CPU
		{AA155BE8-5564-4251-9FEF-0DEA54B46C6B}.Release|Any CPU.ActiveCfg = Release|Any CPU
		{AA155BE8-5564-4251-9FEF-0DEA54B46C6B}.Release|Any CPU.Build.0 = Release|Any CPU
		{7DCC1830-F3BD-46DD-BC67-66D143D7D184}.Debug|Any CPU.ActiveCfg = Debug|Any CPU
		{7DCC1830-F3BD-46DD-BC67-66D143D7D184}.Debug|Any CPU.Build.0 = Debug|Any CPU
		{7DCC1830-F3BD-46DD-BC67-66D143D7D184}.Release|Any CPU.ActiveCfg = Release|Any CPU
		{7DCC1830-F3BD-46DD-BC67-66D143D7D184}.Release|Any CPU.Build.0 = Release|Any CPU
		{97F6EA3D-C72F-4CF4-A4A8-F53EC1081173}.Debug|Any CPU.ActiveCfg = Debug|Any CPU
		{97F6EA3D-C72F-4CF4-A4A8-F53EC1081173}.Debug|Any CPU.Build.0 = Debug|Any CPU
		{97F6EA3D-C72F-4CF4-A4A8-F53EC1081173}.Release|Any CPU.ActiveCfg = Release|Any CPU
		{97F6EA3D-C72F-4CF4-A4A8-F53EC1081173}.Release|Any CPU.Build.0 = Release|Any CPU
		{3EF465F5-B733-48BD-91C3-B106B038D3D4}.Debug|Any CPU.ActiveCfg = Debug|Any CPU
		{3EF465F5-B733-48BD-91C3-B106B038D3D4}.Debug|Any CPU.Build.0 = Debug|Any CPU
		{3EF465F5-B733-48BD-91C3-B106B038D3D4}.Release|Any CPU.ActiveCfg = Release|Any CPU
		{3EF465F5-B733-48BD-91C3-B106B038D3D4}.Release|Any CPU.Build.0 = Release|Any CPU
		{E4C67100-C828-4AD6-80B6-4A91814D98F2}.Debug|Any CPU.ActiveCfg = Debug|Any CPU
		{E4C67100-C828-4AD6-80B6-4A91814D98F2}.Debug|Any CPU.Build.0 = Debug|Any CPU
		{E4C67100-C828-4AD6-80B6-4A91814D98F2}.Release|Any CPU.ActiveCfg = Release|Any CPU
		{E4C67100-C828-4AD6-80B6-4A91814D98F2}.Release|Any CPU.Build.0 = Release|Any CPU
		{E1C35C07-DE0E-4619-848B-59554349A6F8}.Debug|Any CPU.ActiveCfg = Debug|Any CPU
		{E1C35C07-DE0E-4619-848B-59554349A6F8}.Debug|Any CPU.Build.0 = Debug|Any CPU
		{E1C35C07-DE0E-4619-848B-59554349A6F8}.Release|Any CPU.ActiveCfg = Release|Any CPU
		{E1C35C07-DE0E-4619-848B-59554349A6F8}.Release|Any CPU.Build.0 = Release|Any CPU
		{54E4B709-E8E8-4D18-9A42-E7278A0E5374}.Debug|Any CPU.ActiveCfg = Debug|Any CPU
		{54E4B709-E8E8-4D18-9A42-E7278A0E5374}.Debug|Any CPU.Build.0 = Debug|Any CPU
		{54E4B709-E8E8-4D18-9A42-E7278A0E5374}.Release|Any CPU.ActiveCfg = Release|Any CPU
		{54E4B709-E8E8-4D18-9A42-E7278A0E5374}.Release|Any CPU.Build.0 = Release|Any CPU
		{2F9E0F49-7213-4B9D-95D9-C466EB677EFF}.Debug|Any CPU.ActiveCfg = Debug|Any CPU
		{2F9E0F49-7213-4B9D-95D9-C466EB677EFF}.Debug|Any CPU.Build.0 = Debug|Any CPU
		{2F9E0F49-7213-4B9D-95D9-C466EB677EFF}.Release|Any CPU.ActiveCfg = Release|Any CPU
		{2F9E0F49-7213-4B9D-95D9-C466EB677EFF}.Release|Any CPU.Build.0 = Release|Any CPU
		{CFDC7E1F-DB3E-4439-A7F0-774EE1FF5D81}.Debug|Any CPU.ActiveCfg = Debug|Any CPU
		{CFDC7E1F-DB3E-4439-A7F0-774EE1FF5D81}.Debug|Any CPU.Build.0 = Debug|Any CPU
		{CFDC7E1F-DB3E-4439-A7F0-774EE1FF5D81}.Release|Any CPU.ActiveCfg = Release|Any CPU
		{CFDC7E1F-DB3E-4439-A7F0-774EE1FF5D81}.Release|Any CPU.Build.0 = Release|Any CPU
		{E065733F-2A11-462B-8704-6206757CBC29}.Debug|Any CPU.ActiveCfg = Debug|Any CPU
		{E065733F-2A11-462B-8704-6206757CBC29}.Debug|Any CPU.Build.0 = Debug|Any CPU
		{E065733F-2A11-462B-8704-6206757CBC29}.Release|Any CPU.ActiveCfg = Release|Any CPU
		{E065733F-2A11-462B-8704-6206757CBC29}.Release|Any CPU.Build.0 = Release|Any CPU
		{43B17430-6A3F-4E28-B80C-7F52EF095B33}.Debug|Any CPU.ActiveCfg = Debug|Any CPU
		{43B17430-6A3F-4E28-B80C-7F52EF095B33}.Debug|Any CPU.Build.0 = Debug|Any CPU
		{43B17430-6A3F-4E28-B80C-7F52EF095B33}.Release|Any CPU.ActiveCfg = Release|Any CPU
		{43B17430-6A3F-4E28-B80C-7F52EF095B33}.Release|Any CPU.Build.0 = Release|Any CPU
		{64C9D7B2-5CE7-4DBD-A5FC-CD7A08A61E84}.Debug|Any CPU.ActiveCfg = Debug|Any CPU
		{64C9D7B2-5CE7-4DBD-A5FC-CD7A08A61E84}.Debug|Any CPU.Build.0 = Debug|Any CPU
		{64C9D7B2-5CE7-4DBD-A5FC-CD7A08A61E84}.Release|Any CPU.ActiveCfg = Release|Any CPU
		{64C9D7B2-5CE7-4DBD-A5FC-CD7A08A61E84}.Release|Any CPU.Build.0 = Release|Any CPU
	EndGlobalSection
	GlobalSection(SolutionProperties) = preSolution
		HideSolutionNode = FALSE
	EndGlobalSection
	GlobalSection(NestedProjects) = preSolution
		{1ED04E22-9459-439D-A7AE-1BF9380E75F2} = {3BBDF5D9-702E-4A49-96B4-81BD26DF6FE2}
		{0466B054-C102-4B3F-8D89-AC3EE2892D44} = {DB216793-7747-4E03-8755-C8DE0B7B26DB}
		{AA155BE8-5564-4251-9FEF-0DEA54B46C6B} = {2D074E55-B8E0-4407-8AFE-05F45004950D}
		{E1C35C07-DE0E-4619-848B-59554349A6F8} = {3BBDF5D9-702E-4A49-96B4-81BD26DF6FE2}
		{54E4B709-E8E8-4D18-9A42-E7278A0E5374} = {E39880EC-234E-469B-9E17-C78BA2B4B503}
		{2F9E0F49-7213-4B9D-95D9-C466EB677EFF} = {E39880EC-234E-469B-9E17-C78BA2B4B503}
		{CFDC7E1F-DB3E-4439-A7F0-774EE1FF5D81} = {DB216793-7747-4E03-8755-C8DE0B7B26DB}
		{E065733F-2A11-462B-8704-6206757CBC29} = {2D074E55-B8E0-4407-8AFE-05F45004950D}
		{43B17430-6A3F-4E28-B80C-7F52EF095B33} = {247F1655-347B-46EF-9C1D-60334DE29E2E}
		{64C9D7B2-5CE7-4DBD-A5FC-CD7A08A61E84} = {247F1655-347B-46EF-9C1D-60334DE29E2E}
	EndGlobalSection
EndGlobal
